<?xml version="1.0" encoding="utf-8"?>
<Project ToolsVersion="4.0" xmlns="http://schemas.microsoft.com/developer/msbuild/2003">
  <ItemGroup>
    <Filter Include="Include">
      <UniqueIdentifier>{5bd480e1-d8ed-4a10-8379-c2a9b6064aa0}</UniqueIdentifier>
    </Filter>
    <Filter Include="Include\Window">
      <UniqueIdentifier>{ef3c4930-81c9-498c-99aa-2154bde4a0e0}</UniqueIdentifier>
    </Filter>
    <Filter Include="Source">
      <UniqueIdentifier>{e38e652b-09a6-49dc-81dc-a7bf2389bd3d}</UniqueIdentifier>
    </Filter>
    <Filter Include="Source\Window">
      <UniqueIdentifier>{6e66ece5-4c82-4eca-8776-282a100792f1}</UniqueIdentifier>
    </Filter>
    <Filter Include="Source\Message">
      <UniqueIdentifier>{d374b72d-94ef-498e-a1db-c471d2f5338c}</UniqueIdentifier>
    </Filter>
    <Filter Include="Include\Message">
      <UniqueIdentifier>{eaac10ce-f294-4cf8-952d-f21071b4fbd7}</UniqueIdentifier>
    </Filter>
    <Filter Include="Source\Application">
      <UniqueIdentifier>{1943d85a-8ff5-4a0d-ab97-2c4350b09299}</UniqueIdentifier>
    </Filter>
    <Filter Include="Include\Application">
      <UniqueIdentifier>{bcd0717c-bf9f-461b-b2b2-de9716d9ef19}</UniqueIdentifier>
    </Filter>
  </ItemGroup>
  <ItemGroup>
    <ClInclude Include="Include\Window\Window.h">
      <Filter>Include\Window</Filter>
    </ClInclude>
    <ClInclude Include="Include\Message\Message.h">
      <Filter>Include\Message</Filter>
    </ClInclude>
    <ClInclude Include="Include\Message\KeyMessage.h">
      <Filter>Include\Message</Filter>
    </ClInclude>
    <ClInclude Include="Include\Application\Application.h">
      <Filter>Include\Application</Filter>
    </ClInclude>
  </ItemGroup>
  <ItemGroup>
    <ClCompile Include="Source\Window\Window.cpp">
      <Filter>Source\Window</Filter>
    </ClCompile>
    <ClCompile Include="Source\Message\Message.cpp">
      <Filter>Source\Message</Filter>
    </ClCompile>
    <ClCompile Include="Main.cpp" />
    <ClCompile Include="Source\Application\Application.cpp">
      <Filter>Source\Application</Filter>
    </ClCompile>
  </ItemGroup>
</Project>