<?xml version="1.0" encoding="utf-8"?>
<Project ToolsVersion="4.0" xmlns="http://schemas.microsoft.com/developer/msbuild/2003">
  <ItemGroup>
    <Filter Include="Include">
      <UniqueIdentifier>{5bd480e1-d8ed-4a10-8379-c2a9b6064aa0}</UniqueIdentifier>
    </Filter>
    <Filter Include="Include\Window">
      <UniqueIdentifier>{ef3c4930-81c9-498c-99aa-2154bde4a0e0}</UniqueIdentifier>
    </Filter>
    <Filter Include="Source">
      <UniqueIdentifier>{e38e652b-09a6-49dc-81dc-a7bf2389bd3d}</UniqueIdentifier>
    </Filter>
    <Filter Include="Source\Window">
      <UniqueIdentifier>{6e66ece5-4c82-4eca-8776-282a100792f1}</UniqueIdentifier>
    </Filter>
    <Filter Include="Source\Message">
      <UniqueIdentifier>{d374b72d-94ef-498e-a1db-c471d2f5338c}</UniqueIdentifier>
    </Filter>
    <Filter Include="Include\Message">
      <UniqueIdentifier>{eaac10ce-f294-4cf8-952d-f21071b4fbd7}</UniqueIdentifier>
    </Filter>
    <Filter Include="Source\Application">
      <UniqueIdentifier>{1943d85a-8ff5-4a0d-ab97-2c4350b09299}</UniqueIdentifier>
    </Filter>
    <Filter Include="Include\Application">
      <UniqueIdentifier>{bcd0717c-bf9f-461b-b2b2-de9716d9ef19}</UniqueIdentifier>
    </Filter>
    <Filter Include="Include\Renderer">
      <UniqueIdentifier>{a7858b78-5c4c-4230-8de3-be9fca758dc3}</UniqueIdentifier>
    </Filter>
    <Filter Include="Source\Renderer">
      <UniqueIdentifier>{86b40a6b-646e-41e6-8481-4fb3e72032fb}</UniqueIdentifier>
    </Filter>
    <Filter Include="Include\Layer">
      <UniqueIdentifier>{bb78420e-ff28-4e74-a897-34e45daba8c4}</UniqueIdentifier>
    </Filter>
    <Filter Include="Source\Layer">
      <UniqueIdentifier>{e3159557-0bc2-4da5-aa67-9e48bc0b6aa4}</UniqueIdentifier>
    </Filter>
    <Filter Include="Include\ImGui">
      <UniqueIdentifier>{9213cb6f-7267-4538-a964-b1a76ee8487f}</UniqueIdentifier>
    </Filter>
    <Filter Include="Source\ImGui">
      <UniqueIdentifier>{2394a51f-0d03-4c01-8ab9-fb3e99e17f49}</UniqueIdentifier>
    </Filter>
    <Filter Include="Assets">
      <UniqueIdentifier>{dd9e9600-0842-4b3c-9334-85380bc9b535}</UniqueIdentifier>
    </Filter>
    <Filter Include="Assets\Shader">
      <UniqueIdentifier>{9fb87e21-836d-446b-ad2e-6e7f402fbfc4}</UniqueIdentifier>
    </Filter>
    <Filter Include="Include\Utilities">
      <UniqueIdentifier>{34d47b66-1874-4368-92f4-a871714933a6}</UniqueIdentifier>
    </Filter>
    <Filter Include="Source\Utilities">
      <UniqueIdentifier>{a7521b8b-89f0-4389-8746-e94668ba3fb4}</UniqueIdentifier>
    </Filter>
  </ItemGroup>
  <ItemGroup>
    <ClInclude Include="Include\Window\Window.h">
      <Filter>Include\Window</Filter>
    </ClInclude>
    <ClInclude Include="Include\Message\Message.h">
      <Filter>Include\Message</Filter>
    </ClInclude>
    <ClInclude Include="Include\Message\KeyMessage.h">
      <Filter>Include\Message</Filter>
    </ClInclude>
    <ClInclude Include="Include\Application\Application.h">
      <Filter>Include\Application</Filter>
    </ClInclude>
    <ClInclude Include="Include\Renderer\Renderer.h">
      <Filter>Include\Renderer</Filter>
    </ClInclude>
    <ClInclude Include="Include\Renderer\RenderContext.h">
      <Filter>Include\Renderer</Filter>
    </ClInclude>
    <ClInclude Include="Include\Renderer\OpenGLContext.h">
      <Filter>Include\Renderer</Filter>
    </ClInclude>
    <ClInclude Include="Include\Layer\Layer.h">
      <Filter>Include\Layer</Filter>
    </ClInclude>
    <ClInclude Include="Include\Layer\LayerStack.h">
      <Filter>Include\Layer</Filter>
    </ClInclude>
    <ClInclude Include="Include\ImGui\ImGuiComponent.h">
      <Filter>Include\ImGui</Filter>
    </ClInclude>
    <ClInclude Include="Include\Renderer\Shader.h">
      <Filter>Include\Renderer</Filter>
    </ClInclude>
    <ClInclude Include="Include\Renderer\Buffer.h">
      <Filter>Include\Renderer</Filter>
    </ClInclude>
    <ClInclude Include="Include\Renderer\OpenGLBuffer.h">
      <Filter>Include\Renderer</Filter>
    </ClInclude>
    <ClInclude Include="Include\Renderer\VertexArray.h">
      <Filter>Include\Renderer</Filter>
    </ClInclude>
    <ClInclude Include="Include\Renderer\OpenGLVertexArray.h">
      <Filter>Include\Renderer</Filter>
    </ClInclude>
    <ClInclude Include="Include\Renderer\OpenGLShader.h">
      <Filter>Include\Renderer</Filter>
    </ClInclude>
    <ClInclude Include="Include\Renderer\RendererAPI.h">
      <Filter>Include\Renderer</Filter>
    </ClInclude>
    <ClInclude Include="Include\Renderer\OpenGLRendererAPI.h">
      <Filter>Include\Renderer</Filter>
    </ClInclude>
    <ClInclude Include="Include\Renderer\RenderCommand.h">
      <Filter>Include\Renderer</Filter>
    </ClInclude>
    <ClInclude Include="Include\Message\MouseMessage.h">
      <Filter>Include\Message</Filter>
    </ClInclude>
    <ClInclude Include="Include\Renderer\Camera.h">
      <Filter>Include\Renderer</Filter>
    </ClInclude>
    <ClInclude Include="Include\Utilities\Stopwatch.h">
      <Filter>Include\Utilities</Filter>
    </ClInclude>
    <ClInclude Include="Include\Renderer\Texture.h">
      <Filter>Include\Renderer</Filter>
    </ClInclude>
    <ClInclude Include="Include\Renderer\OpenGLTexture.h">
      <Filter>Include\Renderer</Filter>
    </ClInclude>
    <ClInclude Include="Include\Message\WindowMessage.h">
      <Filter>Include\Message</Filter>
    </ClInclude>
    <ClInclude Include="Include\Renderer\DirectX12Context.h">
      <Filter>Include\Renderer</Filter>
    </ClInclude>
    <ClInclude Include="Include\Renderer\DirectX12RendererAPI.h">
      <Filter>Include\Renderer</Filter>
    </ClInclude>
    <ClInclude Include="Include\Renderer\DirectX12Buffer.h">
      <Filter>Include\Renderer</Filter>
    </ClInclude>
    <ClInclude Include="Include\Renderer\DirectX12Shader.h">
      <Filter>Include\Renderer</Filter>
    </ClInclude>
    <ClInclude Include="Include\Renderer\DirectX12VertexArray.h">
      <Filter>Include\Renderer</Filter>
    </ClInclude>
    <ClInclude Include="Include\Renderer\DirectX12Texture.h">
      <Filter>Include\Renderer</Filter>
    </ClInclude>
  </ItemGroup>
  <ItemGroup>
    <ClCompile Include="Source\Window\Window.cpp">
      <Filter>Source\Window</Filter>
    </ClCompile>
    <ClCompile Include="Source\Message\Message.cpp">
      <Filter>Source\Message</Filter>
    </ClCompile>
    <ClCompile Include="Source\Application\Application.cpp">
      <Filter>Source\Application</Filter>
    </ClCompile>
    <ClCompile Include="Source\Renderer\OpenGLContext.cpp">
      <Filter>Source\Renderer</Filter>
    </ClCompile>
    <ClCompile Include="Source\Renderer\Renderer.cpp">
      <Filter>Source\Renderer</Filter>
    </ClCompile>
    <ClCompile Include="Source\Layer\LayerStack.cpp">
      <Filter>Source\Layer</Filter>
    </ClCompile>
    <ClCompile Include="Source\ImGui\ImGuiComponent.cpp">
      <Filter>Source\ImGui</Filter>
    </ClCompile>
    <ClCompile Include="Source\Renderer\Shader.cpp">
      <Filter>Source\Renderer</Filter>
    </ClCompile>
    <ClCompile Include="Source\Renderer\Buffer.cpp">
      <Filter>Source\Renderer</Filter>
    </ClCompile>
    <ClCompile Include="Source\Renderer\OpenGLBuffer.cpp">
      <Filter>Source\Renderer</Filter>
    </ClCompile>
    <ClCompile Include="Source\Renderer\VertexArray.cpp">
      <Filter>Source\Renderer</Filter>
    </ClCompile>
    <ClCompile Include="Source\Renderer\OpenGLVertexArray.cpp">
      <Filter>Source\Renderer</Filter>
    </ClCompile>
    <ClCompile Include="Source\Renderer\OpenGLShader.cpp">
      <Filter>Source\Renderer</Filter>
    </ClCompile>
    <ClCompile Include="Source\Renderer\RendererAPI.cpp">
      <Filter>Source\Renderer</Filter>
    </ClCompile>
    <ClCompile Include="Source\Renderer\RenderCommand.cpp">
      <Filter>Source\Renderer</Filter>
    </ClCompile>
    <ClCompile Include="Source\Renderer\OpenGLRendererAPI.cpp">
      <Filter>Source\Renderer</Filter>
    </ClCompile>
    <ClCompile Include="Source\Renderer\Camera.cpp">
      <Filter>Source\Renderer</Filter>
    </ClCompile>
    <ClCompile Include="Source\Renderer\Texture.cpp">
      <Filter>Source\Renderer</Filter>
    </ClCompile>
    <ClCompile Include="Source\Renderer\OpenGLTexture.cpp">
      <Filter>Source\Renderer</Filter>
    </ClCompile>
    <ClCompile Include="Source\Utilities\stb_image_implementation.cpp">
      <Filter>Source\Utilities</Filter>
    </ClCompile>
    <ClCompile Include="Source\Renderer\DirectX12Context.cpp">
      <Filter>Source\Renderer</Filter>
    </ClCompile>
    <ClCompile Include="Source\Renderer\DirectX12RendererAPI.cpp">
      <Filter>Source\Renderer</Filter>
    </ClCompile>
    <ClCompile Include="Source\Renderer\DirectX12Buffer.cpp">
      <Filter>Source\Renderer</Filter>
    </ClCompile>
    <ClCompile Include="Source\Renderer\DirectX12Shader.cpp">
      <Filter>Source\Renderer</Filter>
    </ClCompile>
    <ClCompile Include="Source\Renderer\DirectX12VertexArray.cpp">
      <Filter>Source\Renderer</Filter>
    </ClCompile>
    <ClCompile Include="Source\Renderer\DirectX12Texture.cpp">
      <Filter>Source\Renderer</Filter>
    </ClCompile>
  </ItemGroup>
  <ItemGroup>
    <None Include="Asset\Shader\OpenGLExampleVertexShader.glsl">
      <Filter>Assets\Shader</Filter>
    </None>
    <None Include="Asset\Shader\OpenGLExamplePixelShader.glsl">
      <Filter>Assets\Shader</Filter>
    </None>
    <None Include="Asset\Shader\OpenGLTexturePixelShader.glsl">
      <Filter>Assets\Shader</Filter>
    </None>
    <None Include="Asset\Shader\OpenGLTextureVertexShader.glsl">
      <Filter>Assets\Shader</Filter>
    </None>
    <None Include="Asset\Shader\OpenGLModelPixelShader.glsl">
      <Filter>Assets\Shader</Filter>
    </None>
    <None Include="Asset\Shader\OpenGLModelVertexShader.glsl">
      <Filter>Assets\Shader</Filter>
    </None>
  </ItemGroup>
  <ItemGroup>
    <FxCompile Include="Asset\Shader\DirectX12ModelShader.hlsl">
      <Filter>Assets\Shader</Filter>
    </FxCompile>
  </ItemGroup>
  <ItemGroup>
    <CustomBuild Include="Asset\Shader\DirectX12ExampleShader.hlsl">
      <Filter>Assets\Shader</Filter>
    </CustomBuild>
  </ItemGroup>
</Project>